
Microsoft Visual Studio Solution File, Format Version 11.00
# Visual Studio 2010
Project("{FAE04EC0-301F-11D3-BF4B-00C04F79EFBC}") = "AutomMapperDemo", "AutomMapperDemo\AutomMapperDemo.csproj", "{C1D81E32-86D9-403A-88F6-61F7E56459BA}"
EndProject
Global
	GlobalSection(SolutionConfigurationPlatforms) = preSolution
		Debug|Any CPU = Debug|Any CPU
		Release|Any CPU = Release|Any CPU
	EndGlobalSection
	GlobalSection(ProjectConfigurationPlatforms) = postSolution
		{C1D81E32-86D9-403A-88F6-61F7E56459BA}.Debug|Any CPU.ActiveCfg = Debug|Any CPU
		{C1D81E32-86D9-403A-88F6-61F7E56459BA}.Debug|Any CPU.Build.0 = Debug|Any CPU
		{C1D81E32-86D9-403A-88F6-61F7E56459BA}.Release|Any CPU.ActiveCfg = Release|Any CPU
		{C1D81E32-86D9-403A-88F6-61F7E56459BA}.Release|Any CPU.Build.0 = Release|Any CPU
	EndGlobalSection
	GlobalSection(SolutionProperties) = preSolution
		HideSolutionNode = FALSE
	EndGlobalSection
EndGlobal
